
Microsoft Visual Studio Solution File, Format Version 12.00
# Visual Studio 15
VisualStudioVersion = 15.0.28307.539
MinimumVisualStudioVersion = 10.0.40219.1
Project("{FAE04EC0-301F-11D3-BF4B-00C04F79EFBC}") = "EZNEW.Web.SessionCacheStore", "EZNEW.Web.SessionCacheStore\EZNEW.Web.SessionCacheStore.csproj", "{D8B7B707-0AAE-4B1E-A03B-CCC8976594B3}"
EndProject
Global
	GlobalSection(SolutionConfigurationPlatforms) = preSolution
		Debug|Any CPU = Debug|Any CPU
		Release|Any CPU = Release|Any CPU
	EndGlobalSection
	GlobalSection(ProjectConfigurationPlatforms) = postSolution
		{D8B7B707-0AAE-4B1E-A03B-CCC8976594B3}.Debug|Any CPU.ActiveCfg = Debug|Any CPU
		{D8B7B707-0AAE-4B1E-A03B-CCC8976594B3}.Debug|Any CPU.Build.0 = Debug|Any CPU
		{D8B7B707-0AAE-4B1E-A03B-CCC8976594B3}.Release|Any CPU.ActiveCfg = Release|Any CPU
		{D8B7B707-0AAE-4B1E-A03B-CCC8976594B3}.Release|Any CPU.Build.0 = Release|Any CPU
	EndGlobalSection
	GlobalSection(SolutionProperties) = preSolution
		HideSolutionNode = FALSE
	EndGlobalSection
	GlobalSection(ExtensibilityGlobals) = postSolution
		SolutionGuid = {58FB4AEC-7171-4BAA-8992-4A56D0BB50A9}
	EndGlobalSection
EndGlobal
